// !$*UTF8*$!
{
	archiveVersion = 1;
	classes = {
	};
	objectVersion = 46;
	objects = {

/* Begin PBXBuildFile section */
		A517A6081AD46AC900958861 /* CoolButton.m in Sources */ = {isa = PBXBuildFile; fileRef = A517A6041AD46AC900958861 /* CoolButton.m */; };
		A517A6091AD46AC900958861 /* Common.m in Sources */ = {isa = PBXBuildFile; fileRef = A517A6051AD46AC900958861 /* Common.m */; };
		A53696281ACE097E00AB6D06 /* libicucore.dylib in Frameworks */ = {isa = PBXBuildFile; fileRef = A53696271ACE097E00AB6D06 /* libicucore.dylib */; };
		A536962A1ACE098800AB6D06 /* libc++.dylib in Frameworks */ = {isa = PBXBuildFile; fileRef = A53696291ACE098800AB6D06 /* libc++.dylib */; };
		A536962C1ACE099100AB6D06 /* CFNetwork.framework in Frameworks */ = {isa = PBXBuildFile; fileRef = A536962B1ACE099100AB6D06 /* CFNetwork.framework */; };
		A536962E1ACE099A00AB6D06 /* Security.framework in Frameworks */ = {isa = PBXBuildFile; fileRef = A536962D1ACE099A00AB6D06 /* Security.framework */; };
		A53696301ACE09A800AB6D06 /* SystemConfiguration.framework in Frameworks */ = {isa = PBXBuildFile; fileRef = A536962F1ACE09A800AB6D06 /* SystemConfiguration.framework */; };
		A53696311ACE09CA00AB6D06 /* Firebase.framework in Frameworks */ = {isa = PBXBuildFile; fileRef = A53696251ACE083A00AB6D06 /* Firebase.framework */; };
		A54841B31ACCA8A000053648 /* libsqlite3.dylib in Frameworks */ = {isa = PBXBuildFile; fileRef = A54841B21ACCA8A000053648 /* libsqlite3.dylib */; };
		A54841B51ACCA8ED00053648 /* QandA.sqlite3 in Resources */ = {isa = PBXBuildFile; fileRef = A54841B41ACCA8ED00053648 /* QandA.sqlite3 */; };
		A54841B81ACCA93200053648 /* QandADataBase.m in Sources */ = {isa = PBXBuildFile; fileRef = A54841B71ACCA93200053648 /* QandADataBase.m */; };
		A54841BA1ACCC50400053648 /* buzz.wav in Resources */ = {isa = PBXBuildFile; fileRef = A54841B91ACCC50400053648 /* buzz.wav */; };
		A54841BC1ACCC87100053648 /* yay.wav in Resources */ = {isa = PBXBuildFile; fileRef = A54841BB1ACCC87100053648 /* yay.wav */; };
		A54CF6BD1AD4BA470036706C /* CoolLabel.m in Sources */ = {isa = PBXBuildFile; fileRef = A54CF6BC1AD4BA470036706C /* CoolLabel.m */; };
		A54FCB991AC3A1CF00640E66 /* DVQuizQuestion.m in Sources */ = {isa = PBXBuildFile; fileRef = A54FCB981AC3A1CF00640E66 /* DVQuizQuestion.m */; };
		A550627B1ACB644D0061392F /* QuizOverViewController.m in Sources */ = {isa = PBXBuildFile; fileRef = A55062791ACB644D0061392F /* QuizOverViewController.m */; };
		A5689BF61ABD1E3200299A4C /* main.m in Sources */ = {isa = PBXBuildFile; fileRef = A5689BF51ABD1E3200299A4C /* main.m */; };
		A5689BF91ABD1E3200299A4C /* AppDelegate.m in Sources */ = {isa = PBXBuildFile; fileRef = A5689BF81ABD1E3200299A4C /* AppDelegate.m */; };
		A5689C011ABD1E3200299A4C /* Images.xcassets in Resources */ = {isa = PBXBuildFile; fileRef = A5689C001ABD1E3200299A4C /* Images.xcassets */; };
		A5689C1C1ABD244700299A4C /* QuizViewController.m in Sources */ = {isa = PBXBuildFile; fileRef = A5689C1A1ABD244700299A4C /* QuizViewController.m */; };
/* End PBXBuildFile section */

/* Begin PBXContainerItemProxy section */
		A5689C0A1ABD1E3200299A4C /* PBXContainerItemProxy */ = {
			isa = PBXContainerItemProxy;
			containerPortal = A5689BE81ABD1E3200299A4C /* Project object */;
			proxyType = 1;
			remoteGlobalIDString = A5689BEF1ABD1E3200299A4C;
			remoteInfo = DVQuiz;
		};
/* End PBXContainerItemProxy section */

/* Begin PBXFileReference section */
		A517A6041AD46AC900958861 /* CoolButton.m */ = {isa = PBXFileReference; fileEncoding = 4; lastKnownFileType = sourcecode.c.objc; path = CoolButton.m; sourceTree = "<group>"; };
		A517A6051AD46AC900958861 /* Common.m */ = {isa = PBXFileReference; fileEncoding = 4; lastKnownFileType = sourcecode.c.objc; path = Common.m; sourceTree = "<group>"; };
		A517A6061AD46AC900958861 /* Common.h */ = {isa = PBXFileReference; fileEncoding = 4; lastKnownFileType = sourcecode.c.h; path = Common.h; sourceTree = "<group>"; };
		A517A6071AD46AC900958861 /* CoolButton.h */ = {isa = PBXFileReference; fileEncoding = 4; lastKnownFileType = sourcecode.c.h; path = CoolButton.h; sourceTree = "<group>"; };
		A53696251ACE083A00AB6D06 /* Firebase.framework */ = {isa = PBXFileReference; lastKnownFileType = wrapper.framework; name = Firebase.framework; path = DVQuiz/Firebase.framework; sourceTree = "<group>"; };
		A53696271ACE097E00AB6D06 /* libicucore.dylib */ = {isa = PBXFileReference; lastKnownFileType = "compiled.mach-o.dylib"; name = libicucore.dylib; path = usr/lib/libicucore.dylib; sourceTree = SDKROOT; };
		A53696291ACE098800AB6D06 /* libc++.dylib */ = {isa = PBXFileReference; lastKnownFileType = "compiled.mach-o.dylib"; name = "libc++.dylib"; path = "usr/lib/libc++.dylib"; sourceTree = SDKROOT; };
		A536962B1ACE099100AB6D06 /* CFNetwork.framework */ = {isa = PBXFileReference; lastKnownFileType = wrapper.framework; name = CFNetwork.framework; path = System/Library/Frameworks/CFNetwork.framework; sourceTree = SDKROOT; };
		A536962D1ACE099A00AB6D06 /* Security.framework */ = {isa = PBXFileReference; lastKnownFileType = wrapper.framework; name = Security.framework; path = System/Library/Frameworks/Security.framework; sourceTree = SDKROOT; };
		A536962F1ACE09A800AB6D06 /* SystemConfiguration.framework */ = {isa = PBXFileReference; lastKnownFileType = wrapper.framework; name = SystemConfiguration.framework; path = System/Library/Frameworks/SystemConfiguration.framework; sourceTree = SDKROOT; };
		A54841B21ACCA8A000053648 /* libsqlite3.dylib */ = {isa = PBXFileReference; lastKnownFileType = "compiled.mach-o.dylib"; name = libsqlite3.dylib; path = usr/lib/libsqlite3.dylib; sourceTree = SDKROOT; };
		A54841B41ACCA8ED00053648 /* QandA.sqlite3 */ = {isa = PBXFileReference; lastKnownFileType = file; path = QandA.sqlite3; sourceTree = "<group>"; };
		A54841B61ACCA93200053648 /* QandADataBase.h */ = {isa = PBXFileReference; fileEncoding = 4; lastKnownFileType = sourcecode.c.h; path = QandADataBase.h; sourceTree = "<group>"; };
		A54841B71ACCA93200053648 /* QandADataBase.m */ = {isa = PBXFileReference; fileEncoding = 4; lastKnownFileType = sourcecode.c.objc; path = QandADataBase.m; sourceTree = "<group>"; };
		A54841B91ACCC50400053648 /* buzz.wav */ = {isa = PBXFileReference; lastKnownFileType = audio.wav; path = buzz.wav; sourceTree = "<group>"; };
		A54841BB1ACCC87100053648 /* yay.wav */ = {isa = PBXFileReference; lastKnownFileType = audio.wav; path = yay.wav; sourceTree = "<group>"; };
		A54CF6BB1AD4BA470036706C /* CoolLabel.h */ = {isa = PBXFileReference; fileEncoding = 4; lastKnownFileType = sourcecode.c.h; path = CoolLabel.h; sourceTree = "<group>"; };
		A54CF6BC1AD4BA470036706C /* CoolLabel.m */ = {isa = PBXFileReference; fileEncoding = 4; lastKnownFileType = sourcecode.c.objc; path = CoolLabel.m; sourceTree = "<group>"; };
		A54FCB971AC3A1CF00640E66 /* DVQuizQuestion.h */ = {isa = PBXFileReference; fileEncoding = 4; lastKnownFileType = sourcecode.c.h; path = DVQuizQuestion.h; sourceTree = "<group>"; };
		A54FCB981AC3A1CF00640E66 /* DVQuizQuestion.m */ = {isa = PBXFileReference; fileEncoding = 4; lastKnownFileType = sourcecode.c.objc; path = DVQuizQuestion.m; sourceTree = "<group>"; };
		A55062781ACB644D0061392F /* QuizOverViewController.h */ = {isa = PBXFileReference; fileEncoding = 4; lastKnownFileType = sourcecode.c.h; path = QuizOverViewController.h; sourceTree = "<group>"; };
		A55062791ACB644D0061392F /* QuizOverViewController.m */ = {isa = PBXFileReference; fileEncoding = 4; lastKnownFileType = sourcecode.c.objc; path = QuizOverViewController.m; sourceTree = "<group>"; };
		A5689BF01ABD1E3200299A4C /* DVQuiz.app */ = {isa = PBXFileReference; explicitFileType = wrapper.application; includeInIndex = 0; path = DVQuiz.app; sourceTree = BUILT_PRODUCTS_DIR; };
		A5689BF41ABD1E3200299A4C /* Info.plist */ = {isa = PBXFileReference; lastKnownFileType = text.plist.xml; path = Info.plist; sourceTree = "<group>"; };
		A5689BF51ABD1E3200299A4C /* main.m */ = {isa = PBXFileReference; lastKnownFileType = sourcecode.c.objc; path = main.m; sourceTree = "<group>"; };
		A5689BF71ABD1E3200299A4C /* AppDelegate.h */ = {isa = PBXFileReference; lastKnownFileType = sourcecode.c.h; path = AppDelegate.h; sourceTree = "<group>"; };
		A5689BF81ABD1E3200299A4C /* AppDelegate.m */ = {isa = PBXFileReference; lastKnownFileType = sourcecode.c.objc; path = AppDelegate.m; sourceTree = "<group>"; };
		A5689C001ABD1E3200299A4C /* Images.xcassets */ = {isa = PBXFileReference; lastKnownFileType = folder.assetcatalog; path = Images.xcassets; sourceTree = "<group>"; };
		A5689C091ABD1E3200299A4C /* DVQuizTests.xctest */ = {isa = PBXFileReference; explicitFileType = wrapper.cfbundle; includeInIndex = 0; path = DVQuizTests.xctest; sourceTree = BUILT_PRODUCTS_DIR; };
		A5689C191ABD244700299A4C /* QuizViewController.h */ = {isa = PBXFileReference; fileEncoding = 4; lastKnownFileType = sourcecode.c.h; path = QuizViewController.h; sourceTree = "<group>"; };
		A5689C1A1ABD244700299A4C /* QuizViewController.m */ = {isa = PBXFileReference; fileEncoding = 4; lastKnownFileType = sourcecode.c.objc; path = QuizViewController.m; sourceTree = "<group>"; };
/* End PBXFileReference section */

/* Begin PBXFrameworksBuildPhase section */
		A5689BED1ABD1E3200299A4C /* Frameworks */ = {
			isa = PBXFrameworksBuildPhase;
			buildActionMask = 2147483647;
			files = (
				A53696311ACE09CA00AB6D06 /* Firebase.framework in Frameworks */,
				A53696301ACE09A800AB6D06 /* SystemConfiguration.framework in Frameworks */,
				A536962E1ACE099A00AB6D06 /* Security.framework in Frameworks */,
				A536962C1ACE099100AB6D06 /* CFNetwork.framework in Frameworks */,
				A536962A1ACE098800AB6D06 /* libc++.dylib in Frameworks */,
				A53696281ACE097E00AB6D06 /* libicucore.dylib in Frameworks */,
				A54841B31ACCA8A000053648 /* libsqlite3.dylib in Frameworks */,
			);
			runOnlyForDeploymentPostprocessing = 0;
		};
		A5689C061ABD1E3200299A4C /* Frameworks */ = {
			isa = PBXFrameworksBuildPhase;
			buildActionMask = 2147483647;
			files = (
			);
			runOnlyForDeploymentPostprocessing = 0;
		};
/* End PBXFrameworksBuildPhase section */

/* Begin PBXGroup section */
		A5689BE71ABD1E3200299A4C = {
			isa = PBXGroup;
			children = (
				A53696251ACE083A00AB6D06 /* Firebase.framework */,
				A536962F1ACE09A800AB6D06 /* SystemConfiguration.framework */,
				A536962D1ACE099A00AB6D06 /* Security.framework */,
				A536962B1ACE099100AB6D06 /* CFNetwork.framework */,
				A53696291ACE098800AB6D06 /* libc++.dylib */,
				A53696271ACE097E00AB6D06 /* libicucore.dylib */,
				A54841B21ACCA8A000053648 /* libsqlite3.dylib */,
				A5689BF21ABD1E3200299A4C /* DVQuiz */,
				A5689BF11ABD1E3200299A4C /* Products */,
			);
			sourceTree = "<group>";
		};
		A5689BF11ABD1E3200299A4C /* Products */ = {
			isa = PBXGroup;
			children = (
				A5689BF01ABD1E3200299A4C /* DVQuiz.app */,
				A5689C091ABD1E3200299A4C /* DVQuizTests.xctest */,
			);
			name = Products;
			sourceTree = "<group>";
		};
		A5689BF21ABD1E3200299A4C /* DVQuiz */ = {
			isa = PBXGroup;
			children = (
				A517A6061AD46AC900958861 /* Common.h */,
				A517A6051AD46AC900958861 /* Common.m */,
				A517A6071AD46AC900958861 /* CoolButton.h */,
				A517A6041AD46AC900958861 /* CoolButton.m */,
				A54841BB1ACCC87100053648 /* yay.wav */,
				A54841B91ACCC50400053648 /* buzz.wav */,
				A54841B41ACCA8ED00053648 /* QandA.sqlite3 */,
				A5689BF71ABD1E3200299A4C /* AppDelegate.h */,
				A5689BF81ABD1E3200299A4C /* AppDelegate.m */,
				A55062781ACB644D0061392F /* QuizOverViewController.h */,
				A55062791ACB644D0061392F /* QuizOverViewController.m */,
				A5689C191ABD244700299A4C /* QuizViewController.h */,
				A5689C1A1ABD244700299A4C /* QuizViewController.m */,
				A54FCB971AC3A1CF00640E66 /* DVQuizQuestion.h */,
				A54FCB981AC3A1CF00640E66 /* DVQuizQuestion.m */,
				A5689C001ABD1E3200299A4C /* Images.xcassets */,
				A5689BF31ABD1E3200299A4C /* Supporting Files */,
				A54841B61ACCA93200053648 /* QandADataBase.h */,
				A54841B71ACCA93200053648 /* QandADataBase.m */,
				A54CF6BB1AD4BA470036706C /* CoolLabel.h */,
				A54CF6BC1AD4BA470036706C /* CoolLabel.m */,
			);
			path = DVQuiz;
			sourceTree = "<group>";
		};
		A5689BF31ABD1E3200299A4C /* Supporting Files */ = {
			isa = PBXGroup;
			children = (
				A5689BF41ABD1E3200299A4C /* Info.plist */,
				A5689BF51ABD1E3200299A4C /* main.m */,
			);
			name = "Supporting Files";
			sourceTree = "<group>";
		};
/* End PBXGroup section */

/* Begin PBXNativeTarget section */
		A5689BEF1ABD1E3200299A4C /* DVQuiz */ = {
			isa = PBXNativeTarget;
			buildConfigurationList = A5689C131ABD1E3200299A4C /* Build configuration list for PBXNativeTarget "DVQuiz" */;
			buildPhases = (
				A5689BEC1ABD1E3200299A4C /* Sources */,
				A5689BED1ABD1E3200299A4C /* Frameworks */,
				A5689BEE1ABD1E3200299A4C /* Resources */,
			);
			buildRules = (
			);
			dependencies = (
			);
			name = DVQuiz;
			productName = DVQuiz;
			productReference = A5689BF01ABD1E3200299A4C /* DVQuiz.app */;
			productType = "com.apple.product-type.application";
		};
		A5689C081ABD1E3200299A4C /* DVQuizTests */ = {
			isa = PBXNativeTarget;
			buildConfigurationList = A5689C161ABD1E3200299A4C /* Build configuration list for PBXNativeTarget "DVQuizTests" */;
			buildPhases = (
				A5689C051ABD1E3200299A4C /* Sources */,
				A5689C061ABD1E3200299A4C /* Frameworks */,
				A5689C071ABD1E3200299A4C /* Resources */,
			);
			buildRules = (
			);
			dependencies = (
				A5689C0B1ABD1E3200299A4C /* PBXTargetDependency */,
			);
			name = DVQuizTests;
			productName = DVQuizTests;
			productReference = A5689C091ABD1E3200299A4C /* DVQuizTests.xctest */;
			productType = "com.apple.product-type.bundle.unit-test";
		};
/* End PBXNativeTarget section */

/* Begin PBXProject section */
		A5689BE81ABD1E3200299A4C /* Project object */ = {
			isa = PBXProject;
			attributes = {
				LastUpgradeCheck = 0620;
				ORGANIZATIONNAME = "Big Nerd Ranch";
				TargetAttributes = {
					A5689BEF1ABD1E3200299A4C = {
						CreatedOnToolsVersion = 6.2;
					};
					A5689C081ABD1E3200299A4C = {
						CreatedOnToolsVersion = 6.2;
						TestTargetID = A5689BEF1ABD1E3200299A4C;
					};
				};
			};
			buildConfigurationList = A5689BEB1ABD1E3200299A4C /* Build configuration list for PBXProject "DVQuiz" */;
			compatibilityVersion = "Xcode 3.2";
			developmentRegion = English;
			hasScannedForEncodings = 0;
			knownRegions = (
				en,
				Base,
			);
			mainGroup = A5689BE71ABD1E3200299A4C;
			productRefGroup = A5689BF11ABD1E3200299A4C /* Products */;
			projectDirPath = "";
			projectRoot = "";
			targets = (
				A5689BEF1ABD1E3200299A4C /* DVQuiz */,
				A5689C081ABD1E3200299A4C /* DVQuizTests */,
			);
		};
/* End PBXProject section */

/* Begin PBXResourcesBuildPhase section */
		A5689BEE1ABD1E3200299A4C /* Resources */ = {
			isa = PBXResourcesBuildPhase;
			buildActionMask = 2147483647;
			files = (
				A54841BC1ACCC87100053648 /* yay.wav in Resources */,
				A54841B51ACCA8ED00053648 /* QandA.sqlite3 in Resources */,
				A54841BA1ACCC50400053648 /* buzz.wav in Resources */,
				A5689C011ABD1E3200299A4C /* Images.xcassets in Resources */,
			);
			runOnlyForDeploymentPostprocessing = 0;
		};
		A5689C071ABD1E3200299A4C /* Resources */ = {
			isa = PBXResourcesBuildPhase;
			buildActionMask = 2147483647;
			files = (
			);
			runOnlyForDeploymentPostprocessing = 0;
		};
/* End PBXResourcesBuildPhase section */

/* Begin PBXSourcesBuildPhase section */
		A5689BEC1ABD1E3200299A4C /* Sources */ = {
			isa = PBXSourcesBuildPhase;
			buildActionMask = 2147483647;
			files = (
				A517A6081AD46AC900958861 /* CoolButton.m in Sources */,
				A550627B1ACB644D0061392F /* QuizOverViewController.m in Sources */,
				A54CF6BD1AD4BA470036706C /* CoolLabel.m in Sources */,
				A5689C1C1ABD244700299A4C /* QuizViewController.m in Sources */,
				A5689BF91ABD1E3200299A4C /* AppDelegate.m in Sources */,
				A517A6091AD46AC900958861 /* Common.m in Sources */,
				A54FCB991AC3A1CF00640E66 /* DVQuizQuestion.m in Sources */,
				A54841B81ACCA93200053648 /* QandADataBase.m in Sources */,
				A5689BF61ABD1E3200299A4C /* main.m in Sources */,
			);
			runOnlyForDeploymentPostprocessing = 0;
		};
		A5689C051ABD1E3200299A4C /* Sources */ = {
			isa = PBXSourcesBuildPhase;
			buildActionMask = 2147483647;
			files = (
			);
			runOnlyForDeploymentPostprocessing = 0;
		};
/* End PBXSourcesBuildPhase section */

/* Begin PBXTargetDependency section */
		A5689C0B1ABD1E3200299A4C /* PBXTargetDependency */ = {
			isa = PBXTargetDependency;
			target = A5689BEF1ABD1E3200299A4C /* DVQuiz */;
			targetProxy = A5689C0A1ABD1E3200299A4C /* PBXContainerItemProxy */;
		};
/* End PBXTargetDependency section */

/* Begin XCBuildConfiguration section */
		A5689C111ABD1E3200299A4C /* Debug */ = {
			isa = XCBuildConfiguration;
			buildSettings = {
				ALWAYS_SEARCH_USER_PATHS = NO;
				CLANG_CXX_LANGUAGE_STANDARD = "gnu++0x";
				CLANG_CXX_LIBRARY = "libc++";
				CLANG_ENABLE_MODULES = YES;
				CLANG_ENABLE_OBJC_ARC = YES;
				CLANG_WARN_BOOL_CONVERSION = YES;
				CLANG_WARN_CONSTANT_CONVERSION = YES;
				CLANG_WARN_DIRECT_OBJC_ISA_USAGE = YES_ERROR;
				CLANG_WARN_EMPTY_BODY = YES;
				CLANG_WARN_ENUM_CONVERSION = YES;
				CLANG_WARN_INT_CONVERSION = YES;
				CLANG_WARN_OBJC_ROOT_CLASS = YES_ERROR;
				CLANG_WARN_UNREACHABLE_CODE = YES;
				CLANG_WARN__DUPLICATE_METHOD_MATCH = YES;
				"CODE_SIGN_IDENTITY[sdk=iphoneos*]" = "iPhone Developer";
				COPY_PHASE_STRIP = NO;
				ENABLE_STRICT_OBJC_MSGSEND = YES;
				GCC_C_LANGUAGE_STANDARD = gnu99;
				GCC_DYNAMIC_NO_PIC = NO;
				GCC_OPTIMIZATION_LEVEL = 0;
				GCC_PREPROCESSOR_DEFINITIONS = (
					"DEBUG=1",
					"$(inherited)",
				);
				GCC_SYMBOLS_PRIVATE_EXTERN = NO;
				GCC_WARN_64_TO_32_BIT_CONVERSION = YES;
				GCC_WARN_ABOUT_RETURN_TYPE = YES_ERROR;
				GCC_WARN_UNDECLARED_SELECTOR = YES;
				GCC_WARN_UNINITIALIZED_AUTOS = YES_AGGRESSIVE;
				GCC_WARN_UNUSED_FUNCTION = YES;
				GCC_WARN_UNUSED_VARIABLE = YES;
				IPHONEOS_DEPLOYMENT_TARGET = 8.2;
				MTL_ENABLE_DEBUG_INFO = YES;
				ONLY_ACTIVE_ARCH = YES;
				SDKROOT = iphoneos;
			};
			name = Debug;
		};
		A5689C121ABD1E3200299A4C /* Release */ = {
			isa = XCBuildConfiguration;
			buildSettings = {
				ALWAYS_SEARCH_USER_PATHS = NO;
				CLANG_CXX_LANGUAGE_STANDARD = "gnu++0x";
				CLANG_CXX_LIBRARY = "libc++";
				CLANG_ENABLE_MODULES = YES;
				CLANG_ENABLE_OBJC_ARC = YES;
				CLANG_WARN_BOOL_CONVERSION = YES;
				CLANG_WARN_CONSTANT_CONVERSION = YES;
				CLANG_WARN_DIRECT_OBJC_ISA_USAGE = YES_ERROR;
				CLANG_WARN_EMPTY_BODY = YES;
				CLANG_WARN_ENUM_CONVERSION = YES;
				CLANG_WARN_INT_CONVERSION = YES;
				CLANG_WARN_OBJC_ROOT_CLASS = YES_ERROR;
				CLANG_WARN_UNREACHABLE_CODE = YES;
				CLANG_WARN__DUPLICATE_METHOD_MATCH = YES;
				"CODE_SIGN_IDENTITY[sdk=iphoneos*]" = "iPhone Developer";
				COPY_PHASE_STRIP = NO;
				ENABLE_NS_ASSERTIONS = NO;
				ENABLE_STRICT_OBJC_MSGSEND = YES;
				GCC_C_LANGUAGE_STANDARD = gnu99;
				GCC_WARN_64_TO_32_BIT_CONVERSION = YES;
				GCC_WARN_ABOUT_RETURN_TYPE = YES_ERROR;
				GCC_WARN_UNDECLARED_SELECTOR = YES;
				GCC_WARN_UNINITIALIZED_AUTOS = YES_AGGRESSIVE;
				GCC_WARN_UNUSED_FUNCTION = YES;
				GCC_WARN_UNUSED_VARIABLE = YES;
				IPHONEOS_DEPLOYMENT_TARGET = 8.2;
				MTL_ENABLE_DEBUG_INFO = NO;
				SDKROOT = iphoneos;
				VALIDATE_PRODUCT = YES;
			};
			name = Release;
		};
		A5689C141ABD1E3200299A4C /* Debug */ = {
			isa = XCBuildConfiguration;
			buildSettings = {
				ASSETCATALOG_COMPILER_APPICON_NAME = AppIcon;
				FRAMEWORK_SEARCH_PATHS = (
					"$(inherited)",
					"$(PROJECT_DIR)/DVQuiz",
				);
				INFOPLIST_FILE = DVQuiz/Info.plist;
				IPHONEOS_DEPLOYMENT_TARGET = 8.1;
				LD_RUNPATH_SEARCH_PATHS = "$(inherited) @executable_path/Frameworks";
				"OTHER_LDFLAGS[arch=*]" = "-ObjC";
				PRODUCT_NAME = DVQuiz;
			};
			name = Debug;
		};
		A5689C151ABD1E3200299A4C /* Release */ = {
			isa = XCBuildConfiguration;
			buildSettings = {
				ASSETCATALOG_COMPILER_APPICON_NAME = AppIcon;
				FRAMEWORK_SEARCH_PATHS = (
					"$(inherited)",
					"$(PROJECT_DIR)/DVQuiz",
				);
				INFOPLIST_FILE = DVQuiz/Info.plist;
				IPHONEOS_DEPLOYMENT_TARGET = 8.1;
				LD_RUNPATH_SEARCH_PATHS = "$(inherited) @executable_path/Frameworks";
				"OTHER_LDFLAGS[arch=*]" = "-ObjC";
				PRODUCT_NAME = DVQuiz;
			};
			name = Release;
		};
		A5689C171ABD1E3200299A4C /* Debug */ = {
			isa = XCBuildConfiguration;
			buildSettings = {
				BUNDLE_LOADER = "$(TEST_HOST)";
				FRAMEWORK_SEARCH_PATHS = (
					"$(SDKROOT)/Developer/Library/Frameworks",
					"$(inherited)",
				);
				GCC_PREPROCESSOR_DEFINITIONS = (
					"DEBUG=1",
					"$(inherited)",
				);
				INFOPLIST_FILE = DVQuizTests/Info.plist;
				LD_RUNPATH_SEARCH_PATHS = "$(inherited) @executable_path/Frameworks @loader_path/Frameworks";
				PRODUCT_NAME = DVQuizTests;
				TEST_HOST = "$(BUILT_PRODUCTS_DIR)/DVQuiz.app/DVQuiz";
			};
			name = Debug;
		};
		A5689C181ABD1E3200299A4C /* Release */ = {
			isa = XCBuildConfiguration;
			buildSettings = {
				BUNDLE_LOADER = "$(TEST_HOST)";
				FRAMEWORK_SEARCH_PATHS = (
					"$(SDKROOT)/Developer/Library/Frameworks",
					"$(inherited)",
				);
				INFOPLIST_FILE = DVQuizTests/Info.plist;
				LD_RUNPATH_SEARCH_PATHS = "$(inherited) @executable_path/Frameworks @loader_path/Frameworks";
				PRODUCT_NAME = DVQuizTests;
				TEST_HOST = "$(BUILT_PRODUCTS_DIR)/DVQuiz.app/DVQuiz";
			};
			name = Release;
		};
/* End XCBuildConfiguration section */

/* Begin XCConfigurationList section */
		A5689BEB1ABD1E3200299A4C /* Build configuration list for PBXProject "DVQuiz" */ = {
			isa = XCConfigurationList;
			buildConfigurations = (
				A5689C111ABD1E3200299A4C /* Debug */,
				A5689C121ABD1E3200299A4C /* Release */,
			);
			defaultConfigurationIsVisible = 0;
			defaultConfigurationName = Release;
		};
		A5689C131ABD1E3200299A4C /* Build configuration list for PBXNativeTarget "DVQuiz" */ = {
			isa = XCConfigurationList;
			buildConfigurations = (
				A5689C141ABD1E3200299A4C /* Debug */,
				A5689C151ABD1E3200299A4C /* Release */,
			);
			defaultConfigurationIsVisible = 0;
			defaultConfigurationName = Release;
		};
		A5689C161ABD1E3200299A4C /* Build configuration list for PBXNativeTarget "DVQuizTests" */ = {
			isa = XCConfigurationList;
			buildConfigurations = (
				A5689C171ABD1E3200299A4C /* Debug */,
				A5689C181ABD1E3200299A4C /* Release */,
			);
			defaultConfigurationIsVisible = 0;
			defaultConfigurationName = Release;
		};
/* End XCConfigurationList section */
	};
	rootObject = A5689BE81ABD1E3200299A4C /* Project object */;
}
